
Microsoft Visual Studio Solution File, Format Version 12.00
# Visual Studio 15
VisualStudioVersion = 15.0.26730.16
MinimumVisualStudioVersion = 10.0.40219.1
Project("{FAE04EC0-301F-11D3-BF4B-00C04F79EFBC}") = "WebApp", "WebApp\WebApp.csproj", "{51A4B8DC-27A9-4967-A74E-610603FCC028}"
EndProject
Project("{FAE04EC0-301F-11D3-BF4B-00C04F79EFBC}") = "Model", "Model\Model.csproj", "{20A5348A-A45C-485D-99C0-CA7A80B071E8}"
EndProject
Project("{FAE04EC0-301F-11D3-BF4B-00C04F79EFBC}") = "BLL", "BLL\BLL.csproj", "{50CB5D8B-4248-41B6-8AFB-0CE4AF965E51}"
EndProject
Project("{FAE04EC0-301F-11D3-BF4B-00C04F79EFBC}") = "DAL", "DAL\DAL.csproj", "{F1D469EA-51FA-4C3F-A1C4-9BB5DBD56082}"
EndProject
Project("{FAE04EC0-301F-11D3-BF4B-00C04F79EFBC}") = "UnitTest", "UnitTest\UnitTest.csproj", "{9FA1575E-DB68-411B-992D-72B3F94D7B86}"
EndProject
Global
	GlobalSection(SolutionConfigurationPlatforms) = preSolution
		Debug|Any CPU = Debug|Any CPU
		Release|Any CPU = Release|Any CPU
	EndGlobalSection
	GlobalSection(ProjectConfigurationPlatforms) = postSolution
		{51A4B8DC-27A9-4967-A74E-610603FCC028}.Debug|Any CPU.ActiveCfg = Debug|Any CPU
		{51A4B8DC-27A9-4967-A74E-610603FCC028}.Debug|Any CPU.Build.0 = Debug|Any CPU
		{51A4B8DC-27A9-4967-A74E-610603FCC028}.Release|Any CPU.ActiveCfg = Release|Any CPU
		{51A4B8DC-27A9-4967-A74E-610603FCC028}.Release|Any CPU.Build.0 = Release|Any CPU
		{20A5348A-A45C-485D-99C0-CA7A80B071E8}.Debug|Any CPU.ActiveCfg = Debug|Any CPU
		{20A5348A-A45C-485D-99C0-CA7A80B071E8}.Debug|Any CPU.Build.0 = Debug|Any CPU
		{20A5348A-A45C-485D-99C0-CA7A80B071E8}.Release|Any CPU.ActiveCfg = Release|Any CPU
		{20A5348A-A45C-485D-99C0-CA7A80B071E8}.Release|Any CPU.Build.0 = Release|Any CPU
		{50CB5D8B-4248-41B6-8AFB-0CE4AF965E51}.Debug|Any CPU.ActiveCfg = Debug|Any CPU
		{50CB5D8B-4248-41B6-8AFB-0CE4AF965E51}.Debug|Any CPU.Build.0 = Debug|Any CPU
		{50CB5D8B-4248-41B6-8AFB-0CE4AF965E51}.Release|Any CPU.ActiveCfg = Release|Any CPU
		{50CB5D8B-4248-41B6-8AFB-0CE4AF965E51}.Release|Any CPU.Build.0 = Release|Any CPU
		{F1D469EA-51FA-4C3F-A1C4-9BB5DBD56082}.Debug|Any CPU.ActiveCfg = Debug|Any CPU
		{F1D469EA-51FA-4C3F-A1C4-9BB5DBD56082}.Debug|Any CPU.Build.0 = Debug|Any CPU
		{F1D469EA-51FA-4C3F-A1C4-9BB5DBD56082}.Release|Any CPU.ActiveCfg = Release|Any CPU
		{F1D469EA-51FA-4C3F-A1C4-9BB5DBD56082}.Release|Any CPU.Build.0 = Release|Any CPU
		{9FA1575E-DB68-411B-992D-72B3F94D7B86}.Debug|Any CPU.ActiveCfg = Debug|Any CPU
		{9FA1575E-DB68-411B-992D-72B3F94D7B86}.Debug|Any CPU.Build.0 = Debug|Any CPU
		{9FA1575E-DB68-411B-992D-72B3F94D7B86}.Release|Any CPU.ActiveCfg = Release|Any CPU
		{9FA1575E-DB68-411B-992D-72B3F94D7B86}.Release|Any CPU.Build.0 = Release|Any CPU
	EndGlobalSection
	GlobalSection(SolutionProperties) = preSolution
		HideSolutionNode = FALSE
	EndGlobalSection
	GlobalSection(ExtensibilityGlobals) = postSolution
		SolutionGuid = {9507832D-88BB-43DF-8213-E56F4EEB9734}
	EndGlobalSection
EndGlobal
